
Microsoft Visual Studio Solution File, Format Version 12.00
# Visual Studio Version 17
VisualStudioVersion = 17.9.34728.123
MinimumVisualStudioVersion = 10.0.40219.1
Project("{FAE04EC0-301F-11D3-BF4B-00C04F79EFBC}") = "WebAPI", "WebAPI.csproj", "{92F21926-A031-47AB-BF10-BE08E099B6BF}"
EndProject
Global
	GlobalSection(SolutionConfigurationPlatforms) = preSolution
		Debug|Any CPU = Debug|Any CPU
		Release|Any CPU = Release|Any CPU
	EndGlobalSection
	GlobalSection(ProjectConfigurationPlatforms) = postSolution
		{92F21926-A031-47AB-BF10-BE08E099B6BF}.Debug|Any CPU.ActiveCfg = Debug|Any CPU
		{92F21926-A031-47AB-BF10-BE08E099B6BF}.Debug|Any CPU.Build.0 = Debug|Any CPU
		{92F21926-A031-47AB-BF10-BE08E099B6BF}.Release|Any CPU.ActiveCfg = Release|Any CPU
		{92F21926-A031-47AB-BF10-BE08E099B6BF}.Release|Any CPU.Build.0 = Release|Any CPU
	EndGlobalSection
	GlobalSection(SolutionProperties) = preSolution
		HideSolutionNode = FALSE
	EndGlobalSection
	GlobalSection(ExtensibilityGlobals) = postSolution
		SolutionGuid = {2262F5B0-C5D5-40B5-8D34-52FCB0D185F9}
	EndGlobalSection
EndGlobal
